{
  "name": "changed-cargo-packages",
  "lockfileVersion": 3,
  "requires": true,
  "packages": {
    "": {
      "devDependencies": {
        "@actions/core": "^1.10.0",
        "@actions/github": "^6.0.0",
        "@octokit/webhooks-types": "^7.4.0",
        "@types/node": "latest",
        "bun": "^1.0.33",
        "execa": "^8.0.1",
        "prettier": "^3.0.0",
        "typescript": "latest"
      }
    },
    "node_modules/@actions/core": {
      "version": "1.10.1",
      "dev": true,
      "license": "MIT",
      "dependencies": {
        "@actions/http-client": "^2.0.1",
        "uuid": "^8.3.2"
      }
    },
    "node_modules/@actions/github": {
      "version": "6.0.0",
      "dev": true,
      "license": "MIT",
      "dependencies": {
        "@actions/http-client": "^2.2.0",
        "@octokit/core": "^5.0.1",
        "@octokit/plugin-paginate-rest": "^9.0.0",
        "@octokit/plugin-rest-endpoint-methods": "^10.0.0"
      }
    },
    "node_modules/@actions/http-client": {
      "version": "2.2.1",
      "dev": true,
      "license": "MIT",
      "dependencies": {
        "tunnel": "^0.0.6",
        "undici": "^5.25.4"
      }
    },
    "node_modules/@fastify/busboy": {
      "version": "2.1.1",
      "dev": true,
      "license": "MIT",
      "engines": {
        "node": ">=14"
      }
    },
    "node_modules/@octokit/auth-token": {
      "version": "4.0.0",
      "dev": true,
      "license": "MIT",
      "engines": {
        "node": ">= 18"
      }
    },
    "node_modules/@octokit/core": {
      "version": "5.1.0",
      "dev": true,
      "license": "MIT",
      "dependencies": {
        "@octokit/auth-token": "^4.0.0",
        "@octokit/graphql": "^7.0.0",
        "@octokit/request": "^8.0.2",
        "@octokit/request-error": "^5.0.0",
        "@octokit/types": "^12.0.0",
        "before-after-hook": "^2.2.0",
        "universal-user-agent": "^6.0.0"
      },
      "engines": {
        "node": ">= 18"
      }
    },
    "node_modules/@octokit/endpoint": {
      "version": "9.0.4",
      "dev": true,
      "license": "MIT",
      "dependencies": {
        "@octokit/types": "^12.0.0",
        "universal-user-agent": "^6.0.0"
      },
      "engines": {
        "node": ">= 18"
      }
    },
    "node_modules/@octokit/graphql": {
      "version": "7.0.2",
      "dev": true,
      "license": "MIT",
      "dependencies": {
        "@octokit/request": "^8.0.1",
        "@octokit/types": "^12.0.0",
        "universal-user-agent": "^6.0.0"
      },
      "engines": {
        "node": ">= 18"
      }
    },
    "node_modules/@octokit/openapi-types": {
      "version": "20.0.0",
      "dev": true,
      "license": "MIT"
    },
    "node_modules/@octokit/plugin-paginate-rest": {
      "version": "9.2.1",
      "dev": true,
      "license": "MIT",
      "dependencies": {
        "@octokit/types": "^12.6.0"
      },
      "engines": {
        "node": ">= 18"
      },
      "peerDependencies": {
        "@octokit/core": "5"
      }
    },
    "node_modules/@octokit/plugin-rest-endpoint-methods": {
      "version": "10.4.1",
      "dev": true,
      "license": "MIT",
      "dependencies": {
        "@octokit/types": "^12.6.0"
      },
      "engines": {
        "node": ">= 18"
      },
      "peerDependencies": {
        "@octokit/core": "5"
      }
    },
    "node_modules/@octokit/request": {
      "version": "8.2.0",
      "dev": true,
      "license": "MIT",
      "dependencies": {
        "@octokit/endpoint": "^9.0.0",
        "@octokit/request-error": "^5.0.0",
        "@octokit/types": "^12.0.0",
        "universal-user-agent": "^6.0.0"
      },
      "engines": {
        "node": ">= 18"
      }
    },
    "node_modules/@octokit/request-error": {
      "version": "5.0.1",
      "dev": true,
      "license": "MIT",
      "dependencies": {
        "@octokit/types": "^12.0.0",
        "deprecation": "^2.0.0",
        "once": "^1.4.0"
      },
      "engines": {
        "node": ">= 18"
      }
    },
    "node_modules/@octokit/types": {
      "version": "12.6.0",
      "dev": true,
      "license": "MIT",
      "dependencies": {
        "@octokit/openapi-types": "^20.0.0"
      }
    },
    "node_modules/@octokit/webhooks-types": {
      "version": "7.4.0",
      "resolved": "https://registry.npmjs.org/@octokit/webhooks-types/-/webhooks-types-7.4.0.tgz",
      "integrity": "sha512-FE2V+QZ2UYlh+9wWd5BPLNXG+J/XUD/PPq0ovS+nCcGX4+3qVbi3jYOmCTW48hg9SBBLtInx9+o7fFt4H5iP0Q==",
      "dev": true
    },
    "node_modules/@oven/bun-darwin-aarch64": {
      "version": "1.0.33",
      "resolved": "https://registry.npmjs.org/@oven/bun-darwin-aarch64/-/bun-darwin-aarch64-1.0.33.tgz",
      "integrity": "sha512-Hd7ZxKETiDB3CQi4JzetyIPRLYyxmW5OTO/hTPVnpIoaRYwAEF2ymxiTQGTxlp88lStcuECyOBbaNuGvrww0kA==",
      "cpu": [
        "arm64"
      ],
      "dev": true,
      "optional": true,
      "os": [
        "darwin"
      ]
    },
    "node_modules/@oven/bun-darwin-x64": {
      "version": "1.0.33",
      "resolved": "https://registry.npmjs.org/@oven/bun-darwin-x64/-/bun-darwin-x64-1.0.33.tgz",
      "integrity": "sha512-X5AIltSEoS8c2Tmw49+yPLyJ0iPm1wwgktL0/GWwZllCFCR/kWH/C8wS8VYMIDh/84cSzuDepXVOMbse0TygNg==",
      "cpu": [
        "x64"
      ],
      "dev": true,
      "optional": true,
      "os": [
        "darwin"
      ]
    },
    "node_modules/@oven/bun-darwin-x64-baseline": {
      "version": "1.0.33",
      "resolved": "https://registry.npmjs.org/@oven/bun-darwin-x64-baseline/-/bun-darwin-x64-baseline-1.0.33.tgz",
      "integrity": "sha512-Jf1zVsyleXgJAnvr1jOi/dY+bs6eZ5RV6MGucBK/YOSmdDrrh2xTgjM1qABfTO4DnzDgWHigNSUwI+EpQqroFA==",
      "cpu": [
        "x64"
      ],
      "dev": true,
      "optional": true,
      "os": [
        "darwin"
      ]
    },
    "node_modules/@oven/bun-linux-aarch64": {
      "version": "1.0.33",
      "resolved": "https://registry.npmjs.org/@oven/bun-linux-aarch64/-/bun-linux-aarch64-1.0.33.tgz",
      "integrity": "sha512-EfbW2qi2vOt/4AgLc/H/SCa1l5rwr7KEnZj1IAuiwRkR91SPAdKi8xcxmYq8S37clGhKfENaWiLuT9KCScO3gQ==",
      "cpu": [
        "arm64"
      ],
      "dev": true,
      "optional": true,
      "os": [
        "linux"
      ]
    },
    "node_modules/@oven/bun-linux-x64": {
      "version": "1.0.33",
      "resolved": "https://registry.npmjs.org/@oven/bun-linux-x64/-/bun-linux-x64-1.0.33.tgz",
      "integrity": "sha512-336/bqGulWgvzQWPd0Mq6l12w0JX/+ptsNTHMuizj/bhbx8JuKOmXjbNowGRNv6wGOXERmadxe3PAChQqtq4qQ==",
      "cpu": [
        "x64"
      ],
      "dev": true,
      "optional": true,
      "os": [
        "linux"
      ]
    },
    "node_modules/@oven/bun-linux-x64-baseline": {
      "version": "1.0.33",
      "resolved": "https://registry.npmjs.org/@oven/bun-linux-x64-baseline/-/bun-linux-x64-baseline-1.0.33.tgz",
      "integrity": "sha512-OIT0Fjgki4FOPgxz1Jq6/0MmDO5W+IXG8uhOc1+m6Qf77C6VlNPxD3cuXwWqFKa0Fvza/mJEsw+TUb0H5Z61aQ==",
      "cpu": [
        "x64"
      ],
      "dev": true,
      "optional": true,
      "os": [
        "linux"
      ]
    },
    "node_modules/@types/node": {
      "version": "20.11.30",
      "resolved": "https://registry.npmjs.org/@types/node/-/node-20.11.30.tgz",
      "integrity": "sha512-dHM6ZxwlmuZaRmUPfv1p+KrdD1Dci04FbdEm/9wEMouFqxYoFl5aMkt0VMAUtYRQDyYvD41WJLukhq/ha3YuTw==",
      "dev": true,
      "dependencies": {
        "undici-types": "~5.26.4"
      }
    },
    "node_modules/before-after-hook": {
      "version": "2.2.3",
      "dev": true,
      "license": "Apache-2.0"
    },
    "node_modules/bun": {
      "version": "1.0.33",
      "resolved": "https://registry.npmjs.org/bun/-/bun-1.0.33.tgz",
      "integrity": "sha512-WTh8AST6fKRwnbVjQYxvYYeh1Q1PiDD/XdlV/qnkv6RRsLZodSZ3PWttya9PiUOLymBaCWP16PpfptGhFrpoQQ==",
      "cpu": [
        "arm64",
        "x64"
      ],
      "dev": true,
      "hasInstallScript": true,
      "os": [
        "darwin",
        "linux"
      ],
      "bin": {
        "bun": "bin/bun",
        "bunx": "bin/bun"
      },
      "optionalDependencies": {
        "@oven/bun-darwin-aarch64": "1.0.33",
        "@oven/bun-darwin-x64": "1.0.33",
        "@oven/bun-darwin-x64-baseline": "1.0.33",
        "@oven/bun-linux-aarch64": "1.0.33",
        "@oven/bun-linux-x64": "1.0.33",
        "@oven/bun-linux-x64-baseline": "1.0.33"
      }
    },
    "node_modules/cross-spawn": {
      "version": "7.0.3",
      "dev": true,
      "license": "MIT",
      "dependencies": {
        "path-key": "^3.1.0",
        "shebang-command": "^2.0.0",
        "which": "^2.0.1"
      },
      "engines": {
        "node": ">= 8"
      }
    },
    "node_modules/deprecation": {
      "version": "2.3.1",
      "dev": true,
      "license": "ISC"
    },
    "node_modules/execa": {
      "version": "8.0.1",
      "resolved": "https://registry.npmjs.org/execa/-/execa-8.0.1.tgz",
      "integrity": "sha512-VyhnebXciFV2DESc+p6B+y0LjSm0krU4OgJN44qFAhBY0TJ+1V61tYD2+wHusZ6F9n5K+vl8k0sTy7PEfV4qpg==",
      "dev": true,
      "dependencies": {
        "cross-spawn": "^7.0.3",
        "get-stream": "^8.0.1",
        "human-signals": "^5.0.0",
        "is-stream": "^3.0.0",
        "merge-stream": "^2.0.0",
        "npm-run-path": "^5.1.0",
        "onetime": "^6.0.0",
        "signal-exit": "^4.1.0",
        "strip-final-newline": "^3.0.0"
      },
      "engines": {
        "node": ">=16.17"
      },
      "funding": {
        "url": "https://github.com/sindresorhus/execa?sponsor=1"
      }
    },
    "node_modules/execa/node_modules/signal-exit": {
      "version": "4.1.0",
      "resolved": "https://registry.npmjs.org/signal-exit/-/signal-exit-4.1.0.tgz",
      "integrity": "sha512-bzyZ1e88w9O1iNJbKnOlvYTrWPDl46O1bG0D3XInv+9tkPrxrN8jUUTiFlDkkmKWgn1M6CfIA13SuGqOa9Korw==",
      "dev": true,
      "engines": {
        "node": ">=14"
      },
      "funding": {
        "url": "https://github.com/sponsors/isaacs"
      }
    },
    "node_modules/get-stream": {
      "version": "8.0.1",
      "resolved": "https://registry.npmjs.org/get-stream/-/get-stream-8.0.1.tgz",
      "integrity": "sha512-VaUJspBffn/LMCJVoMvSAdmscJyS1auj5Zulnn5UoYcY531UWmdwhRWkcGKnGU93m5HSXP9LP2usOryrBtQowA==",
      "dev": true,
      "engines": {
        "node": ">=16"
      },
      "funding": {
        "url": "https://github.com/sponsors/sindresorhus"
      }
    },
    "node_modules/human-signals": {
      "version": "5.0.0",
      "resolved": "https://registry.npmjs.org/human-signals/-/human-signals-5.0.0.tgz",
      "integrity": "sha512-AXcZb6vzzrFAUE61HnN4mpLqd/cSIwNQjtNWR0euPm6y0iqx3G4gOXaIDdtdDwZmhwe82LA6+zinmW4UBWVePQ==",
      "dev": true,
      "engines": {
        "node": ">=16.17.0"
      }
    },
    "node_modules/is-stream": {
      "version": "3.0.0",
      "resolved": "https://registry.npmjs.org/is-stream/-/is-stream-3.0.0.tgz",
      "integrity": "sha512-LnQR4bZ9IADDRSkvpqMGvt/tEJWclzklNgSw48V5EAaAeDd6qGvN8ei6k5p0tvxSR171VmGyHuTiAOfxAbr8kA==",
      "dev": true,
      "engines": {
        "node": "^12.20.0 || ^14.13.1 || >=16.0.0"
      },
      "funding": {
        "url": "https://github.com/sponsors/sindresorhus"
      }
    },
    "node_modules/isexe": {
      "version": "2.0.0",
      "dev": true,
      "license": "ISC"
    },
    "node_modules/merge-stream": {
      "version": "2.0.0",
      "dev": true,
      "license": "MIT"
    },
    "node_modules/mimic-fn": {
      "version": "4.0.0",
      "resolved": "https://registry.npmjs.org/mimic-fn/-/mimic-fn-4.0.0.tgz",
      "integrity": "sha512-vqiC06CuhBTUdZH+RYl8sFrL096vA45Ok5ISO6sE/Mr1jRbGH4Csnhi8f3wKVl7x8mO4Au7Ir9D3Oyv1VYMFJw==",
      "dev": true,
      "engines": {
        "node": ">=12"
      },
      "funding": {
        "url": "https://github.com/sponsors/sindresorhus"
      }
    },
    "node_modules/npm-run-path": {
      "version": "5.3.0",
      "resolved": "https://registry.npmjs.org/npm-run-path/-/npm-run-path-5.3.0.tgz",
      "integrity": "sha512-ppwTtiJZq0O/ai0z7yfudtBpWIoxM8yE6nHi1X47eFR2EWORqfbu6CnPlNsjeN683eT0qG6H/Pyf9fCcvjnnnQ==",
      "dev": true,
      "dependencies": {
        "path-key": "^4.0.0"
      },
      "engines": {
        "node": "^12.20.0 || ^14.13.1 || >=16.0.0"
      },
      "funding": {
        "url": "https://github.com/sponsors/sindresorhus"
      }
    },
    "node_modules/npm-run-path/node_modules/path-key": {
      "version": "4.0.0",
      "resolved": "https://registry.npmjs.org/path-key/-/path-key-4.0.0.tgz",
      "integrity": "sha512-haREypq7xkM7ErfgIyA0z+Bj4AGKlMSdlQE2jvJo6huWD1EdkKYV+G/T4nq0YEF2vgTT8kqMFKo1uHn950r4SQ==",
      "dev": true,
      "engines": {
        "node": ">=12"
      },
      "funding": {
        "url": "https://github.com/sponsors/sindresorhus"
      }
    },
    "node_modules/once": {
      "version": "1.4.0",
      "dev": true,
      "license": "ISC",
      "dependencies": {
        "wrappy": "1"
      }
    },
    "node_modules/onetime": {
      "version": "6.0.0",
      "resolved": "https://registry.npmjs.org/onetime/-/onetime-6.0.0.tgz",
      "integrity": "sha512-1FlR+gjXK7X+AsAHso35MnyN5KqGwJRi/31ft6x0M194ht7S+rWAvd7PHss9xSKMzE0asv1pyIHaJYq+BbacAQ==",
      "dev": true,
      "dependencies": {
        "mimic-fn": "^4.0.0"
      },
      "engines": {
        "node": ">=12"
      },
      "funding": {
        "url": "https://github.com/sponsors/sindresorhus"
      }
    },
    "node_modules/path-key": {
      "version": "3.1.1",
      "dev": true,
      "license": "MIT",
      "engines": {
        "node": ">=8"
      }
    },
    "node_modules/prettier": {
      "version": "3.2.5",
      "dev": true,
      "license": "MIT",
      "bin": {
        "prettier": "bin/prettier.cjs"
      },
      "engines": {
        "node": ">=14"
      },
      "funding": {
        "url": "https://github.com/prettier/prettier?sponsor=1"
      }
    },
    "node_modules/shebang-command": {
      "version": "2.0.0",
      "dev": true,
      "license": "MIT",
      "dependencies": {
        "shebang-regex": "^3.0.0"
      },
      "engines": {
        "node": ">=8"
      }
    },
    "node_modules/shebang-regex": {
      "version": "3.0.0",
      "dev": true,
      "license": "MIT",
      "engines": {
        "node": ">=8"
      }
    },
    "node_modules/strip-final-newline": {
      "version": "3.0.0",
      "resolved": "https://registry.npmjs.org/strip-final-newline/-/strip-final-newline-3.0.0.tgz",
      "integrity": "sha512-dOESqjYr96iWYylGObzd39EuNTa5VJxyvVAEm5Jnh7KGo75V43Hk1odPQkNDyXNmUR6k+gEiDVXnjB8HJ3crXw==",
      "dev": true,
      "engines": {
        "node": ">=12"
      },
      "funding": {
        "url": "https://github.com/sponsors/sindresorhus"
      }
    },
    "node_modules/tunnel": {
      "version": "0.0.6",
      "dev": true,
      "license": "MIT",
      "engines": {
        "node": ">=0.6.11 <=0.7.0 || >=0.7.3"
      }
    },
    "node_modules/typescript": {
      "version": "5.4.3",
      "resolved": "https://registry.npmjs.org/typescript/-/typescript-5.4.3.tgz",
      "integrity": "sha512-KrPd3PKaCLr78MalgiwJnA25Nm8HAmdwN3mYUYZgG/wizIo9EainNVQI9/yDavtVFRN2h3k8uf3GLHuhDMgEHg==",
      "dev": true,
      "bin": {
        "tsc": "bin/tsc",
        "tsserver": "bin/tsserver"
      },
      "engines": {
        "node": ">=14.17"
      }
    },
    "node_modules/undici": {
      "version": "5.28.3",
      "dev": true,
      "license": "MIT",
      "dependencies": {
        "@fastify/busboy": "^2.0.0"
      },
      "engines": {
        "node": ">=14.0"
      }
    },
    "node_modules/undici-types": {
      "version": "5.26.5",
      "dev": true,
      "license": "MIT"
    },
    "node_modules/universal-user-agent": {
      "version": "6.0.1",
      "dev": true,
      "license": "ISC"
    },
    "node_modules/uuid": {
      "version": "8.3.2",
      "dev": true,
      "license": "MIT",
      "bin": {
        "uuid": "dist/bin/uuid"
      }
    },
    "node_modules/which": {
      "version": "2.0.2",
      "dev": true,
      "license": "ISC",
      "dependencies": {
        "isexe": "^2.0.0"
      },
      "bin": {
        "node-which": "bin/node-which"
      },
      "engines": {
        "node": ">= 8"
      }
    },
    "node_modules/wrappy": {
      "version": "1.0.2",
      "dev": true,
      "license": "ISC"
    }
  }
}
